
Microsoft Visual Studio Solution File, Format Version 12.00
# Visual Studio 2012
Project("{FAE04EC0-301F-11D3-BF4B-00C04F79EFBC}") = "Nhom06_Quan_Ly_San_Bong_Mini", "Nhom06_Quan_Ly_San_Bong_Mini\Nhom06_Quan_Ly_San_Bong_Mini.csproj", "{12C7B095-5205-4740-BF6D-76B904FC10DC}"
EndProject
Project("{FAE04EC0-301F-11D3-BF4B-00C04F79EFBC}") = "ADO", "ADO\ADO.csproj", "{2679F1A7-E596-4B5D-9565-92FB44E5FD77}"
EndProject
Global
	GlobalSection(SolutionConfigurationPlatforms) = preSolution
		Debug|Any CPU = Debug|Any CPU
		Release|Any CPU = Release|Any CPU
	EndGlobalSection
	GlobalSection(ProjectConfigurationPlatforms) = postSolution
		{12C7B095-5205-4740-BF6D-76B904FC10DC}.Debug|Any CPU.ActiveCfg = Debug|Any CPU
		{12C7B095-5205-4740-BF6D-76B904FC10DC}.Debug|Any CPU.Build.0 = Debug|Any CPU
		{12C7B095-5205-4740-BF6D-76B904FC10DC}.Release|Any CPU.ActiveCfg = Release|Any CPU
		{12C7B095-5205-4740-BF6D-76B904FC10DC}.Release|Any CPU.Build.0 = Release|Any CPU
		{2679F1A7-E596-4B5D-9565-92FB44E5FD77}.Debug|Any CPU.ActiveCfg = Debug|Any CPU
		{2679F1A7-E596-4B5D-9565-92FB44E5FD77}.Debug|Any CPU.Build.0 = Debug|Any CPU
		{2679F1A7-E596-4B5D-9565-92FB44E5FD77}.Release|Any CPU.ActiveCfg = Release|Any CPU
		{2679F1A7-E596-4B5D-9565-92FB44E5FD77}.Release|Any CPU.Build.0 = Release|Any CPU
	EndGlobalSection
	GlobalSection(SolutionProperties) = preSolution
		HideSolutionNode = FALSE
	EndGlobalSection
EndGlobal
